
Microsoft Visual Studio Solution File, Format Version 12.00
# Visual Studio Version 17
VisualStudioVersion = 17.11.35222.181
MinimumVisualStudioVersion = 10.0.40219.1
Project("{FAE04EC0-301F-11D3-BF4B-00C04F79EFBC}") = "Reg.Roup", "Reg.Roup\Reg.Roup.csproj", "{987CB710-8D17-4D01-9234-E58EAD83FEB5}"
EndProject
Global
	GlobalSection(SolutionConfigurationPlatforms) = preSolution
		Debug|Any CPU = Debug|Any CPU
		Release|Any CPU = Release|Any CPU
	EndGlobalSection
	GlobalSection(ProjectConfigurationPlatforms) = postSolution
		{987CB710-8D17-4D01-9234-E58EAD83FEB5}.Debug|Any CPU.ActiveCfg = Debug|Any CPU
		{987CB710-8D17-4D01-9234-E58EAD83FEB5}.Debug|Any CPU.Build.0 = Debug|Any CPU
		{987CB710-8D17-4D01-9234-E58EAD83FEB5}.Release|Any CPU.ActiveCfg = Release|Any CPU
		{987CB710-8D17-4D01-9234-E58EAD83FEB5}.Release|Any CPU.Build.0 = Release|Any CPU
	EndGlobalSection
	GlobalSection(SolutionProperties) = preSolution
		HideSolutionNode = FALSE
	EndGlobalSection
	GlobalSection(ExtensibilityGlobals) = postSolution
		SolutionGuid = {6A9E36E1-A037-4EA0-8F83-99A6450599DA}
	EndGlobalSection
EndGlobal
