
Microsoft Visual Studio Solution File, Format Version 12.00
# Visual Studio Version 17
VisualStudioVersion = 17.11.35222.181
MinimumVisualStudioVersion = 10.0.40219.1
Project("{9A19103F-16F7-4668-BE54-9A1E7A4F7556}") = "Reg.Roup", "Reg.Roup\Reg.Roup.csproj", "{987CB710-8D17-4D01-9234-E58EAD83FEB5}"
EndProject
Project("{9A19103F-16F7-4668-BE54-9A1E7A4F7556}") = "Reg.Roup.Tests", "Reg.Roup.Tests\Reg.Roup.Tests.csproj", "{428337FF-F219-4836-B01F-5C86D1274EDE}"
EndProject
Project("{2150E333-8FDC-42A3-9474-1A3956D46DE8}") = "Solution Items", "Solution Items", "{4FE3C702-617D-4DFE-AA54-5C3C3F440A7E}"
	ProjectSection(SolutionItems) = preProject
		.editorconfig = .editorconfig
	EndProjectSection
EndProject
Project("{FAE04EC0-301F-11D3-BF4B-00C04F79EFBC}") = "TreeVal", "TreeVal\TreeVal.csproj", "{5DC51D37-434B-4DA6-9DAD-C53A99413E90}"
EndProject
Project("{FAE04EC0-301F-11D3-BF4B-00C04F79EFBC}") = "TreeVal.Tests", "TreeVal.Tests\TreeVal.Tests.csproj", "{71EF1F78-51FA-4843-A221-BBED8430419B}"
EndProject
Global
	GlobalSection(SolutionConfigurationPlatforms) = preSolution
		Debug|Any CPU = Debug|Any CPU
		Release|Any CPU = Release|Any CPU
	EndGlobalSection
	GlobalSection(ProjectConfigurationPlatforms) = postSolution
		{987CB710-8D17-4D01-9234-E58EAD83FEB5}.Debug|Any CPU.ActiveCfg = Debug|Any CPU
		{987CB710-8D17-4D01-9234-E58EAD83FEB5}.Debug|Any CPU.Build.0 = Debug|Any CPU
		{987CB710-8D17-4D01-9234-E58EAD83FEB5}.Release|Any CPU.ActiveCfg = Release|Any CPU
		{987CB710-8D17-4D01-9234-E58EAD83FEB5}.Release|Any CPU.Build.0 = Release|Any CPU
		{428337FF-F219-4836-B01F-5C86D1274EDE}.Debug|Any CPU.ActiveCfg = Debug|Any CPU
		{428337FF-F219-4836-B01F-5C86D1274EDE}.Debug|Any CPU.Build.0 = Debug|Any CPU
		{428337FF-F219-4836-B01F-5C86D1274EDE}.Release|Any CPU.ActiveCfg = Release|Any CPU
		{428337FF-F219-4836-B01F-5C86D1274EDE}.Release|Any CPU.Build.0 = Release|Any CPU
		{5DC51D37-434B-4DA6-9DAD-C53A99413E90}.Debug|Any CPU.ActiveCfg = Debug|Any CPU
		{5DC51D37-434B-4DA6-9DAD-C53A99413E90}.Debug|Any CPU.Build.0 = Debug|Any CPU
		{5DC51D37-434B-4DA6-9DAD-C53A99413E90}.Release|Any CPU.ActiveCfg = Release|Any CPU
		{5DC51D37-434B-4DA6-9DAD-C53A99413E90}.Release|Any CPU.Build.0 = Release|Any CPU
		{71EF1F78-51FA-4843-A221-BBED8430419B}.Debug|Any CPU.ActiveCfg = Debug|Any CPU
		{71EF1F78-51FA-4843-A221-BBED8430419B}.Debug|Any CPU.Build.0 = Debug|Any CPU
		{71EF1F78-51FA-4843-A221-BBED8430419B}.Release|Any CPU.ActiveCfg = Release|Any CPU
		{71EF1F78-51FA-4843-A221-BBED8430419B}.Release|Any CPU.Build.0 = Release|Any CPU
	EndGlobalSection
	GlobalSection(SolutionProperties) = preSolution
		HideSolutionNode = FALSE
	EndGlobalSection
	GlobalSection(ExtensibilityGlobals) = postSolution
		SolutionGuid = {6A9E36E1-A037-4EA0-8F83-99A6450599DA}
	EndGlobalSection
EndGlobal
